// !$*UTF8*$!
{
	archiveVersion = 1;
	classes = {
	};
	objectVersion = 50;
	objects = {

/* Begin PBXBuildFile section */
		E130B59F2630053C006A1872 /* AppDelegate.swift in Sources */ = {isa = PBXBuildFile; fileRef = E130B59E2630053C006A1872 /* AppDelegate.swift */; };
		E130B5A12630053C006A1872 /* SceneDelegate.swift in Sources */ = {isa = PBXBuildFile; fileRef = E130B5A02630053C006A1872 /* SceneDelegate.swift */; };
		E130B5A32630053C006A1872 /* ViewController.swift in Sources */ = {isa = PBXBuildFile; fileRef = E130B5A22630053C006A1872 /* ViewController.swift */; };
		E130B5A62630053C006A1872 /* Main.storyboard in Resources */ = {isa = PBXBuildFile; fileRef = E130B5A42630053C006A1872 /* Main.storyboard */; };
		E130B5A82630053D006A1872 /* Assets.xcassets in Resources */ = {isa = PBXBuildFile; fileRef = E130B5A72630053D006A1872 /* Assets.xcassets */; };
		E130B5AB2630053D006A1872 /* LaunchScreen.storyboard in Resources */ = {isa = PBXBuildFile; fileRef = E130B5A92630053D006A1872 /* LaunchScreen.storyboard */; };
		E130B5C12630053E006A1872 /* Tic_Tac_ToeUITests.swift in Sources */ = {isa = PBXBuildFile; fileRef = E130B5C02630053E006A1872 /* Tic_Tac_ToeUITests.swift */; };
		E130B5D62630059E006A1872 /* README.md in Resources */ = {isa = PBXBuildFile; fileRef = E130B5D52630059E006A1872 /* README.md */; };
		E130B5DF263012EE006A1872 /* Game.swift in Sources */ = {isa = PBXBuildFile; fileRef = E130B5DE263012EE006A1872 /* Game.swift */; };
		E130B5E0263012EE006A1872 /* Game.swift in Sources */ = {isa = PBXBuildFile; fileRef = E130B5DE263012EE006A1872 /* Game.swift */; };
		E130B5E1263012EE006A1872 /* Game.swift in Sources */ = {isa = PBXBuildFile; fileRef = E130B5DE263012EE006A1872 /* Game.swift */; };
		E130B5E9263015AE006A1872 /* GameCellSelectionTests.swift in Sources */ = {isa = PBXBuildFile; fileRef = E130B5E8263015AE006A1872 /* GameCellSelectionTests.swift */; };
		E130B5F926301B99006A1872 /* GameIsOver.swift in Sources */ = {isa = PBXBuildFile; fileRef = E130B5F826301B99006A1872 /* GameIsOver.swift */; };
		E130B5FF26301E5F006A1872 /* Array+ToGrid.swift in Sources */ = {isa = PBXBuildFile; fileRef = E130B5FE26301E5F006A1872 /* Array+ToGrid.swift */; };
		E130B60026301E5F006A1872 /* Array+ToGrid.swift in Sources */ = {isa = PBXBuildFile; fileRef = E130B5FE26301E5F006A1872 /* Array+ToGrid.swift */; };
		E130B60126301E5F006A1872 /* Array+ToGrid.swift in Sources */ = {isa = PBXBuildFile; fileRef = E130B5FE26301E5F006A1872 /* Array+ToGrid.swift */; };
/* End PBXBuildFile section */

/* Begin PBXContainerItemProxy section */
		E130B5B22630053E006A1872 /* PBXContainerItemProxy */ = {
			isa = PBXContainerItemProxy;
			containerPortal = E130B5932630053C006A1872 /* Project object */;
			proxyType = 1;
			remoteGlobalIDString = E130B59A2630053C006A1872;
			remoteInfo = "Tic Tac Toe";
		};
		E130B5BD2630053E006A1872 /* PBXContainerItemProxy */ = {
			isa = PBXContainerItemProxy;
			containerPortal = E130B5932630053C006A1872 /* Project object */;
			proxyType = 1;
			remoteGlobalIDString = E130B59A2630053C006A1872;
			remoteInfo = "Tic Tac Toe";
		};
/* End PBXContainerItemProxy section */

/* Begin PBXFileReference section */
		E130B59B2630053C006A1872 /* Tic Tac Toe.app */ = {isa = PBXFileReference; explicitFileType = wrapper.application; includeInIndex = 0; path = "Tic Tac Toe.app"; sourceTree = BUILT_PRODUCTS_DIR; };
		E130B59E2630053C006A1872 /* AppDelegate.swift */ = {isa = PBXFileReference; lastKnownFileType = sourcecode.swift; path = AppDelegate.swift; sourceTree = "<group>"; };
		E130B5A02630053C006A1872 /* SceneDelegate.swift */ = {isa = PBXFileReference; lastKnownFileType = sourcecode.swift; path = SceneDelegate.swift; sourceTree = "<group>"; };
		E130B5A22630053C006A1872 /* ViewController.swift */ = {isa = PBXFileReference; lastKnownFileType = sourcecode.swift; path = ViewController.swift; sourceTree = "<group>"; };
		E130B5A52630053C006A1872 /* Base */ = {isa = PBXFileReference; lastKnownFileType = file.storyboard; name = Base; path = Base.lproj/Main.storyboard; sourceTree = "<group>"; };
		E130B5A72630053D006A1872 /* Assets.xcassets */ = {isa = PBXFileReference; lastKnownFileType = folder.assetcatalog; path = Assets.xcassets; sourceTree = "<group>"; };
		E130B5AA2630053D006A1872 /* Base */ = {isa = PBXFileReference; lastKnownFileType = file.storyboard; name = Base; path = Base.lproj/LaunchScreen.storyboard; sourceTree = "<group>"; };
		E130B5AC2630053D006A1872 /* Info.plist */ = {isa = PBXFileReference; lastKnownFileType = text.plist.xml; path = Info.plist; sourceTree = "<group>"; };
		E130B5B12630053E006A1872 /* Tic Tac ToeTests.xctest */ = {isa = PBXFileReference; explicitFileType = wrapper.cfbundle; includeInIndex = 0; path = "Tic Tac ToeTests.xctest"; sourceTree = BUILT_PRODUCTS_DIR; };
		E130B5B72630053E006A1872 /* Info.plist */ = {isa = PBXFileReference; lastKnownFileType = text.plist.xml; path = Info.plist; sourceTree = "<group>"; };
		E130B5BC2630053E006A1872 /* Tic Tac ToeUITests.xctest */ = {isa = PBXFileReference; explicitFileType = wrapper.cfbundle; includeInIndex = 0; path = "Tic Tac ToeUITests.xctest"; sourceTree = BUILT_PRODUCTS_DIR; };
		E130B5C02630053E006A1872 /* Tic_Tac_ToeUITests.swift */ = {isa = PBXFileReference; lastKnownFileType = sourcecode.swift; path = Tic_Tac_ToeUITests.swift; sourceTree = "<group>"; };
		E130B5C22630053E006A1872 /* Info.plist */ = {isa = PBXFileReference; lastKnownFileType = text.plist.xml; path = Info.plist; sourceTree = "<group>"; };
		E130B5D52630059E006A1872 /* README.md */ = {isa = PBXFileReference; fileEncoding = 4; lastKnownFileType = net.daringfireball.markdown; path = README.md; sourceTree = SOURCE_ROOT; };
		E130B5DE263012EE006A1872 /* Game.swift */ = {isa = PBXFileReference; lastKnownFileType = sourcecode.swift; path = Game.swift; sourceTree = "<group>"; };
		E130B5E8263015AE006A1872 /* GameCellSelectionTests.swift */ = {isa = PBXFileReference; lastKnownFileType = sourcecode.swift; path = GameCellSelectionTests.swift; sourceTree = "<group>"; };
		E130B5F826301B99006A1872 /* GameIsOver.swift */ = {isa = PBXFileReference; lastKnownFileType = sourcecode.swift; path = GameIsOver.swift; sourceTree = "<group>"; };
		E130B5FE26301E5F006A1872 /* Array+ToGrid.swift */ = {isa = PBXFileReference; lastKnownFileType = sourcecode.swift; path = "Array+ToGrid.swift"; sourceTree = "<group>"; };
/* End PBXFileReference section */

/* Begin PBXFrameworksBuildPhase section */
		E130B5982630053C006A1872 /* Frameworks */ = {
			isa = PBXFrameworksBuildPhase;
			buildActionMask = 2147483647;
			files = (
			);
			runOnlyForDeploymentPostprocessing = 0;
		};
		E130B5AE2630053E006A1872 /* Frameworks */ = {
			isa = PBXFrameworksBuildPhase;
			buildActionMask = 2147483647;
			files = (
			);
			runOnlyForDeploymentPostprocessing = 0;
		};
		E130B5B92630053E006A1872 /* Frameworks */ = {
			isa = PBXFrameworksBuildPhase;
			buildActionMask = 2147483647;
			files = (
			);
			runOnlyForDeploymentPostprocessing = 0;
		};
/* End PBXFrameworksBuildPhase section */

/* Begin PBXGroup section */
		E130B5922630053C006A1872 = {
			isa = PBXGroup;
			children = (
				E130B59D2630053C006A1872 /* Tic Tac Toe */,
				E130B5B42630053E006A1872 /* Tic Tac ToeTests */,
				E130B5BF2630053E006A1872 /* Tic Tac ToeUITests */,
				E130B59C2630053C006A1872 /* Products */,
			);
			sourceTree = "<group>";
		};
		E130B59C2630053C006A1872 /* Products */ = {
			isa = PBXGroup;
			children = (
				E130B59B2630053C006A1872 /* Tic Tac Toe.app */,
				E130B5B12630053E006A1872 /* Tic Tac ToeTests.xctest */,
				E130B5BC2630053E006A1872 /* Tic Tac ToeUITests.xctest */,
			);
			name = Products;
			sourceTree = "<group>";
		};
		E130B59D2630053C006A1872 /* Tic Tac Toe */ = {
			isa = PBXGroup;
			children = (
				E130B5FD26301E47006A1872 /* Extensions */,
				E130B5DD263012DC006A1872 /* Models */,
				E130B5D42630057C006A1872 /* Resources */,
				E130B59E2630053C006A1872 /* AppDelegate.swift */,
				E130B5A02630053C006A1872 /* SceneDelegate.swift */,
				E130B5A22630053C006A1872 /* ViewController.swift */,
				E130B5A42630053C006A1872 /* Main.storyboard */,
				E130B5A72630053D006A1872 /* Assets.xcassets */,
				E130B5A92630053D006A1872 /* LaunchScreen.storyboard */,
				E130B5AC2630053D006A1872 /* Info.plist */,
			);
			path = "Tic Tac Toe";
			sourceTree = "<group>";
		};
		E130B5B42630053E006A1872 /* Tic Tac ToeTests */ = {
			isa = PBXGroup;
			children = (
				E130B5B72630053E006A1872 /* Info.plist */,
				E130B5E8263015AE006A1872 /* GameCellSelectionTests.swift */,
				E130B5F826301B99006A1872 /* GameIsOver.swift */,
			);
			path = "Tic Tac ToeTests";
			sourceTree = "<group>";
		};
		E130B5BF2630053E006A1872 /* Tic Tac ToeUITests */ = {
			isa = PBXGroup;
			children = (
				E130B5C02630053E006A1872 /* Tic_Tac_ToeUITests.swift */,
				E130B5C22630053E006A1872 /* Info.plist */,
			);
			path = "Tic Tac ToeUITests";
			sourceTree = "<group>";
		};
		E130B5D42630057C006A1872 /* Resources */ = {
			isa = PBXGroup;
			children = (
				E130B5D52630059E006A1872 /* README.md */,
			);
			path = Resources;
			sourceTree = "<group>";
		};
		E130B5DD263012DC006A1872 /* Models */ = {
			isa = PBXGroup;
			children = (
				E130B5DE263012EE006A1872 /* Game.swift */,
			);
			path = Models;
			sourceTree = "<group>";
		};
		E130B5FD26301E47006A1872 /* Extensions */ = {
			isa = PBXGroup;
			children = (
				E130B5FE26301E5F006A1872 /* Array+ToGrid.swift */,
			);
			path = Extensions;
			sourceTree = "<group>";
		};
/* End PBXGroup section */

/* Begin PBXNativeTarget section */
		E130B59A2630053C006A1872 /* Tic Tac Toe */ = {
			isa = PBXNativeTarget;
			buildConfigurationList = E130B5C52630053E006A1872 /* Build configuration list for PBXNativeTarget "Tic Tac Toe" */;
			buildPhases = (
				E130B5972630053C006A1872 /* Sources */,
				E130B5982630053C006A1872 /* Frameworks */,
				E130B5992630053C006A1872 /* Resources */,
			);
			buildRules = (
			);
			dependencies = (
			);
			name = "Tic Tac Toe";
			productName = "Tic Tac Toe";
			productReference = E130B59B2630053C006A1872 /* Tic Tac Toe.app */;
			productType = "com.apple.product-type.application";
		};
		E130B5B02630053E006A1872 /* Tic Tac ToeTests */ = {
			isa = PBXNativeTarget;
			buildConfigurationList = E130B5C82630053E006A1872 /* Build configuration list for PBXNativeTarget "Tic Tac ToeTests" */;
			buildPhases = (
				E130B5AD2630053E006A1872 /* Sources */,
				E130B5AE2630053E006A1872 /* Frameworks */,
				E130B5AF2630053E006A1872 /* Resources */,
			);
			buildRules = (
			);
			dependencies = (
				E130B5B32630053E006A1872 /* PBXTargetDependency */,
			);
			name = "Tic Tac ToeTests";
			productName = "Tic Tac ToeTests";
			productReference = E130B5B12630053E006A1872 /* Tic Tac ToeTests.xctest */;
			productType = "com.apple.product-type.bundle.unit-test";
		};
		E130B5BB2630053E006A1872 /* Tic Tac ToeUITests */ = {
			isa = PBXNativeTarget;
			buildConfigurationList = E130B5CB2630053E006A1872 /* Build configuration list for PBXNativeTarget "Tic Tac ToeUITests" */;
			buildPhases = (
				E130B5B82630053E006A1872 /* Sources */,
				E130B5B92630053E006A1872 /* Frameworks */,
				E130B5BA2630053E006A1872 /* Resources */,
			);
			buildRules = (
			);
			dependencies = (
				E130B5BE2630053E006A1872 /* PBXTargetDependency */,
			);
			name = "Tic Tac ToeUITests";
			productName = "Tic Tac ToeUITests";
			productReference = E130B5BC2630053E006A1872 /* Tic Tac ToeUITests.xctest */;
			productType = "com.apple.product-type.bundle.ui-testing";
		};
/* End PBXNativeTarget section */

/* Begin PBXProject section */
		E130B5932630053C006A1872 /* Project object */ = {
			isa = PBXProject;
			attributes = {
				LastSwiftUpdateCheck = 1210;
				LastUpgradeCheck = 1210;
				TargetAttributes = {
					E130B59A2630053C006A1872 = {
						CreatedOnToolsVersion = 12.1;
					};
					E130B5B02630053E006A1872 = {
						CreatedOnToolsVersion = 12.1;
						TestTargetID = E130B59A2630053C006A1872;
					};
					E130B5BB2630053E006A1872 = {
						CreatedOnToolsVersion = 12.1;
						TestTargetID = E130B59A2630053C006A1872;
					};
				};
			};
			buildConfigurationList = E130B5962630053C006A1872 /* Build configuration list for PBXProject "Tic Tac Toe" */;
			compatibilityVersion = "Xcode 9.3";
			developmentRegion = en;
			hasScannedForEncodings = 0;
			knownRegions = (
				en,
				Base,
			);
			mainGroup = E130B5922630053C006A1872;
			productRefGroup = E130B59C2630053C006A1872 /* Products */;
			projectDirPath = "";
			projectRoot = "";
			targets = (
				E130B59A2630053C006A1872 /* Tic Tac Toe */,
				E130B5B02630053E006A1872 /* Tic Tac ToeTests */,
				E130B5BB2630053E006A1872 /* Tic Tac ToeUITests */,
			);
		};
/* End PBXProject section */

/* Begin PBXResourcesBuildPhase section */
		E130B5992630053C006A1872 /* Resources */ = {
			isa = PBXResourcesBuildPhase;
			buildActionMask = 2147483647;
			files = (
				E130B5AB2630053D006A1872 /* LaunchScreen.storyboard in Resources */,
				E130B5A82630053D006A1872 /* Assets.xcassets in Resources */,
				E130B5D62630059E006A1872 /* README.md in Resources */,
				E130B5A62630053C006A1872 /* Main.storyboard in Resources */,
			);
			runOnlyForDeploymentPostprocessing = 0;
		};
		E130B5AF2630053E006A1872 /* Resources */ = {
			isa = PBXResourcesBuildPhase;
			buildActionMask = 2147483647;
			files = (
			);
			runOnlyForDeploymentPostprocessing = 0;
		};
		E130B5BA2630053E006A1872 /* Resources */ = {
			isa = PBXResourcesBuildPhase;
			buildActionMask = 2147483647;
			files = (
			);
			runOnlyForDeploymentPostprocessing = 0;
		};
/* End PBXResourcesBuildPhase section */

/* Begin PBXSourcesBuildPhase section */
		E130B5972630053C006A1872 /* Sources */ = {
			isa = PBXSourcesBuildPhase;
			buildActionMask = 2147483647;
			files = (
				E130B5A32630053C006A1872 /* ViewController.swift in Sources */,
				E130B59F2630053C006A1872 /* AppDelegate.swift in Sources */,
				E130B5FF26301E5F006A1872 /* Array+ToGrid.swift in Sources */,
				E130B5A12630053C006A1872 /* SceneDelegate.swift in Sources */,
				E130B5DF263012EE006A1872 /* Game.swift in Sources */,
			);
			runOnlyForDeploymentPostprocessing = 0;
		};
		E130B5AD2630053E006A1872 /* Sources */ = {
			isa = PBXSourcesBuildPhase;
			buildActionMask = 2147483647;
			files = (
				E130B60026301E5F006A1872 /* Array+ToGrid.swift in Sources */,
				E130B5E9263015AE006A1872 /* GameCellSelectionTests.swift in Sources */,
				E130B5E0263012EE006A1872 /* Game.swift in Sources */,
				E130B5F926301B99006A1872 /* GameIsOver.swift in Sources */,
			);
			runOnlyForDeploymentPostprocessing = 0;
		};
		E130B5B82630053E006A1872 /* Sources */ = {
			isa = PBXSourcesBuildPhase;
			buildActionMask = 2147483647;
			files = (
				E130B5C12630053E006A1872 /* Tic_Tac_ToeUITests.swift in Sources */,
				E130B60126301E5F006A1872 /* Array+ToGrid.swift in Sources */,
				E130B5E1263012EE006A1872 /* Game.swift in Sources */,
			);
			runOnlyForDeploymentPostprocessing = 0;
		};
/* End PBXSourcesBuildPhase section */

/* Begin PBXTargetDependency section */
		E130B5B32630053E006A1872 /* PBXTargetDependency */ = {
			isa = PBXTargetDependency;
			target = E130B59A2630053C006A1872 /* Tic Tac Toe */;
			targetProxy = E130B5B22630053E006A1872 /* PBXContainerItemProxy */;
		};
		E130B5BE2630053E006A1872 /* PBXTargetDependency */ = {
			isa = PBXTargetDependency;
			target = E130B59A2630053C006A1872 /* Tic Tac Toe */;
			targetProxy = E130B5BD2630053E006A1872 /* PBXContainerItemProxy */;
		};
/* End PBXTargetDependency section */

/* Begin PBXVariantGroup section */
		E130B5A42630053C006A1872 /* Main.storyboard */ = {
			isa = PBXVariantGroup;
			children = (
				E130B5A52630053C006A1872 /* Base */,
			);
			name = Main.storyboard;
			sourceTree = "<group>";
		};
		E130B5A92630053D006A1872 /* LaunchScreen.storyboard */ = {
			isa = PBXVariantGroup;
			children = (
				E130B5AA2630053D006A1872 /* Base */,
			);
			name = LaunchScreen.storyboard;
			sourceTree = "<group>";
		};
/* End PBXVariantGroup section */

/* Begin XCBuildConfiguration section */
		E130B5C32630053E006A1872 /* Debug */ = {
			isa = XCBuildConfiguration;
			buildSettings = {
				ALWAYS_SEARCH_USER_PATHS = NO;
				CLANG_ANALYZER_NONNULL = YES;
				CLANG_ANALYZER_NUMBER_OBJECT_CONVERSION = YES_AGGRESSIVE;
				CLANG_CXX_LANGUAGE_STANDARD = "gnu++14";
				CLANG_CXX_LIBRARY = "libc++";
				CLANG_ENABLE_MODULES = YES;
				CLANG_ENABLE_OBJC_ARC = YES;
				CLANG_ENABLE_OBJC_WEAK = YES;
				CLANG_WARN_BLOCK_CAPTURE_AUTORELEASING = YES;
				CLANG_WARN_BOOL_CONVERSION = YES;
				CLANG_WARN_COMMA = YES;
				CLANG_WARN_CONSTANT_CONVERSION = YES;
				CLANG_WARN_DEPRECATED_OBJC_IMPLEMENTATIONS = YES;
				CLANG_WARN_DIRECT_OBJC_ISA_USAGE = YES_ERROR;
				CLANG_WARN_DOCUMENTATION_COMMENTS = YES;
				CLANG_WARN_EMPTY_BODY = YES;
				CLANG_WARN_ENUM_CONVERSION = YES;
				CLANG_WARN_INFINITE_RECURSION = YES;
				CLANG_WARN_INT_CONVERSION = YES;
				CLANG_WARN_NON_LITERAL_NULL_CONVERSION = YES;
				CLANG_WARN_OBJC_IMPLICIT_RETAIN_SELF = YES;
				CLANG_WARN_OBJC_LITERAL_CONVERSION = YES;
				CLANG_WARN_OBJC_ROOT_CLASS = YES_ERROR;
				CLANG_WARN_QUOTED_INCLUDE_IN_FRAMEWORK_HEADER = YES;
				CLANG_WARN_RANGE_LOOP_ANALYSIS = YES;
				CLANG_WARN_STRICT_PROTOTYPES = YES;
				CLANG_WARN_SUSPICIOUS_MOVE = YES;
				CLANG_WARN_UNGUARDED_AVAILABILITY = YES_AGGRESSIVE;
				CLANG_WARN_UNREACHABLE_CODE = YES;
				CLANG_WARN__DUPLICATE_METHOD_MATCH = YES;
				COPY_PHASE_STRIP = NO;
				DEBUG_INFORMATION_FORMAT = dwarf;
				ENABLE_STRICT_OBJC_MSGSEND = YES;
				ENABLE_TESTABILITY = YES;
				GCC_C_LANGUAGE_STANDARD = gnu11;
				GCC_DYNAMIC_NO_PIC = NO;
				GCC_NO_COMMON_BLOCKS = YES;
				GCC_OPTIMIZATION_LEVEL = 0;
				GCC_PREPROCESSOR_DEFINITIONS = (
					"DEBUG=1",
					"$(inherited)",
				);
				GCC_WARN_64_TO_32_BIT_CONVERSION = YES;
				GCC_WARN_ABOUT_RETURN_TYPE = YES_ERROR;
				GCC_WARN_UNDECLARED_SELECTOR = YES;
				GCC_WARN_UNINITIALIZED_AUTOS = YES_AGGRESSIVE;
				GCC_WARN_UNUSED_FUNCTION = YES;
				GCC_WARN_UNUSED_VARIABLE = YES;
				IPHONEOS_DEPLOYMENT_TARGET = 14.1;
				MTL_ENABLE_DEBUG_INFO = INCLUDE_SOURCE;
				MTL_FAST_MATH = YES;
				ONLY_ACTIVE_ARCH = YES;
				SDKROOT = iphoneos;
				SWIFT_ACTIVE_COMPILATION_CONDITIONS = DEBUG;
				SWIFT_OPTIMIZATION_LEVEL = "-Onone";
			};
			name = Debug;
		};
		E130B5C42630053E006A1872 /* Release */ = {
			isa = XCBuildConfiguration;
			buildSettings = {
				ALWAYS_SEARCH_USER_PATHS = NO;
				CLANG_ANALYZER_NONNULL = YES;
				CLANG_ANALYZER_NUMBER_OBJECT_CONVERSION = YES_AGGRESSIVE;
				CLANG_CXX_LANGUAGE_STANDARD = "gnu++14";
				CLANG_CXX_LIBRARY = "libc++";
				CLANG_ENABLE_MODULES = YES;
				CLANG_ENABLE_OBJC_ARC = YES;
				CLANG_ENABLE_OBJC_WEAK = YES;
				CLANG_WARN_BLOCK_CAPTURE_AUTORELEASING = YES;
				CLANG_WARN_BOOL_CONVERSION = YES;
				CLANG_WARN_COMMA = YES;
				CLANG_WARN_CONSTANT_CONVERSION = YES;
				CLANG_WARN_DEPRECATED_OBJC_IMPLEMENTATIONS = YES;
				CLANG_WARN_DIRECT_OBJC_ISA_USAGE = YES_ERROR;
				CLANG_WARN_DOCUMENTATION_COMMENTS = YES;
				CLANG_WARN_EMPTY_BODY = YES;
				CLANG_WARN_ENUM_CONVERSION = YES;
				CLANG_WARN_INFINITE_RECURSION = YES;
				CLANG_WARN_INT_CONVERSION = YES;
				CLANG_WARN_NON_LITERAL_NULL_CONVERSION = YES;
				CLANG_WARN_OBJC_IMPLICIT_RETAIN_SELF = YES;
				CLANG_WARN_OBJC_LITERAL_CONVERSION = YES;
				CLANG_WARN_OBJC_ROOT_CLASS = YES_ERROR;
				CLANG_WARN_QUOTED_INCLUDE_IN_FRAMEWORK_HEADER = YES;
				CLANG_WARN_RANGE_LOOP_ANALYSIS = YES;
				CLANG_WARN_STRICT_PROTOTYPES = YES;
				CLANG_WARN_SUSPICIOUS_MOVE = YES;
				CLANG_WARN_UNGUARDED_AVAILABILITY = YES_AGGRESSIVE;
				CLANG_WARN_UNREACHABLE_CODE = YES;
				CLANG_WARN__DUPLICATE_METHOD_MATCH = YES;
				COPY_PHASE_STRIP = NO;
				DEBUG_INFORMATION_FORMAT = "dwarf-with-dsym";
				ENABLE_NS_ASSERTIONS = NO;
				ENABLE_STRICT_OBJC_MSGSEND = YES;
				GCC_C_LANGUAGE_STANDARD = gnu11;
				GCC_NO_COMMON_BLOCKS = YES;
				GCC_WARN_64_TO_32_BIT_CONVERSION = YES;
				GCC_WARN_ABOUT_RETURN_TYPE = YES_ERROR;
				GCC_WARN_UNDECLARED_SELECTOR = YES;
				GCC_WARN_UNINITIALIZED_AUTOS = YES_AGGRESSIVE;
				GCC_WARN_UNUSED_FUNCTION = YES;
				GCC_WARN_UNUSED_VARIABLE = YES;
				IPHONEOS_DEPLOYMENT_TARGET = 14.1;
				MTL_ENABLE_DEBUG_INFO = NO;
				MTL_FAST_MATH = YES;
				SDKROOT = iphoneos;
				SWIFT_COMPILATION_MODE = wholemodule;
				SWIFT_OPTIMIZATION_LEVEL = "-O";
				VALIDATE_PRODUCT = YES;
			};
			name = Release;
		};
		E130B5C62630053E006A1872 /* Debug */ = {
			isa = XCBuildConfiguration;
			buildSettings = {
				ASSETCATALOG_COMPILER_APPICON_NAME = AppIcon;
				ASSETCATALOG_COMPILER_GLOBAL_ACCENT_COLOR_NAME = AccentColor;
				CODE_SIGN_STYLE = Automatic;
				INFOPLIST_FILE = "Tic Tac Toe/Info.plist";
				LD_RUNPATH_SEARCH_PATHS = (
					"$(inherited)",
					"@executable_path/Frameworks",
				);
				MARKETING_VERSION = 0.0.1;
				PRODUCT_BUNDLE_IDENTIFIER = "com.lle-76.Tic-Tac-Toe";
				PRODUCT_NAME = "$(TARGET_NAME)";
				SWIFT_VERSION = 5.0;
				TARGETED_DEVICE_FAMILY = "1,2";
			};
			name = Debug;
		};
		E130B5C72630053E006A1872 /* Release */ = {
			isa = XCBuildConfiguration;
			buildSettings = {
				ASSETCATALOG_COMPILER_APPICON_NAME = AppIcon;
				ASSETCATALOG_COMPILER_GLOBAL_ACCENT_COLOR_NAME = AccentColor;
				CODE_SIGN_STYLE = Automatic;
				INFOPLIST_FILE = "Tic Tac Toe/Info.plist";
				LD_RUNPATH_SEARCH_PATHS = (
					"$(inherited)",
					"@executable_path/Frameworks",
				);
				MARKETING_VERSION = 0.0.1;
				PRODUCT_BUNDLE_IDENTIFIER = "com.lle-76.Tic-Tac-Toe";
				PRODUCT_NAME = "$(TARGET_NAME)";
				SWIFT_VERSION = 5.0;
				TARGETED_DEVICE_FAMILY = "1,2";
			};
			name = Release;
		};
		E130B5C92630053E006A1872 /* Debug */ = {
			isa = XCBuildConfiguration;
			buildSettings = {
				ALWAYS_EMBED_SWIFT_STANDARD_LIBRARIES = YES;
				BUNDLE_LOADER = "$(TEST_HOST)";
				CODE_SIGN_STYLE = Automatic;
				INFOPLIST_FILE = "Tic Tac ToeTests/Info.plist";
				IPHONEOS_DEPLOYMENT_TARGET = 14.1;
				LD_RUNPATH_SEARCH_PATHS = (
					"$(inherited)",
					"@executable_path/Frameworks",
					"@loader_path/Frameworks",
				);
				PRODUCT_BUNDLE_IDENTIFIER = "com.lle-76.Tic-Tac-ToeTests";
				PRODUCT_NAME = "$(TARGET_NAME)";
				SWIFT_VERSION = 5.0;
				TARGETED_DEVICE_FAMILY = "1,2";
				TEST_HOST = "$(BUILT_PRODUCTS_DIR)/Tic Tac Toe.app/Tic Tac Toe";
			};
			name = Debug;
		};
		E130B5CA2630053E006A1872 /* Release */ = {
			isa = XCBuildConfiguration;
			buildSettings = {
				ALWAYS_EMBED_SWIFT_STANDARD_LIBRARIES = YES;
				BUNDLE_LOADER = "$(TEST_HOST)";
				CODE_SIGN_STYLE = Automatic;
				INFOPLIST_FILE = "Tic Tac ToeTests/Info.plist";
				IPHONEOS_DEPLOYMENT_TARGET = 14.1;
				LD_RUNPATH_SEARCH_PATHS = (
					"$(inherited)",
					"@executable_path/Frameworks",
					"@loader_path/Frameworks",
				);
				PRODUCT_BUNDLE_IDENTIFIER = "com.lle-76.Tic-Tac-ToeTests";
				PRODUCT_NAME = "$(TARGET_NAME)";
				SWIFT_VERSION = 5.0;
				TARGETED_DEVICE_FAMILY = "1,2";
				TEST_HOST = "$(BUILT_PRODUCTS_DIR)/Tic Tac Toe.app/Tic Tac Toe";
			};
			name = Release;
		};
		E130B5CC2630053E006A1872 /* Debug */ = {
			isa = XCBuildConfiguration;
			buildSettings = {
				ALWAYS_EMBED_SWIFT_STANDARD_LIBRARIES = YES;
				CODE_SIGN_STYLE = Automatic;
				INFOPLIST_FILE = "Tic Tac ToeUITests/Info.plist";
				LD_RUNPATH_SEARCH_PATHS = (
					"$(inherited)",
					"@executable_path/Frameworks",
					"@loader_path/Frameworks",
				);
				PRODUCT_BUNDLE_IDENTIFIER = "com.lle-76.Tic-Tac-ToeUITests";
				PRODUCT_NAME = "$(TARGET_NAME)";
				SWIFT_VERSION = 5.0;
				TARGETED_DEVICE_FAMILY = "1,2";
				TEST_TARGET_NAME = "Tic Tac Toe";
			};
			name = Debug;
		};
		E130B5CD2630053E006A1872 /* Release */ = {
			isa = XCBuildConfiguration;
			buildSettings = {
				ALWAYS_EMBED_SWIFT_STANDARD_LIBRARIES = YES;
				CODE_SIGN_STYLE = Automatic;
				INFOPLIST_FILE = "Tic Tac ToeUITests/Info.plist";
				LD_RUNPATH_SEARCH_PATHS = (
					"$(inherited)",
					"@executable_path/Frameworks",
					"@loader_path/Frameworks",
				);
				PRODUCT_BUNDLE_IDENTIFIER = "com.lle-76.Tic-Tac-ToeUITests";
				PRODUCT_NAME = "$(TARGET_NAME)";
				SWIFT_VERSION = 5.0;
				TARGETED_DEVICE_FAMILY = "1,2";
				TEST_TARGET_NAME = "Tic Tac Toe";
			};
			name = Release;
		};
/* End XCBuildConfiguration section */

/* Begin XCConfigurationList section */
		E130B5962630053C006A1872 /* Build configuration list for PBXProject "Tic Tac Toe" */ = {
			isa = XCConfigurationList;
			buildConfigurations = (
				E130B5C32630053E006A1872 /* Debug */,
				E130B5C42630053E006A1872 /* Release */,
			);
			defaultConfigurationIsVisible = 0;
			defaultConfigurationName = Release;
		};
		E130B5C52630053E006A1872 /* Build configuration list for PBXNativeTarget "Tic Tac Toe" */ = {
			isa = XCConfigurationList;
			buildConfigurations = (
				E130B5C62630053E006A1872 /* Debug */,
				E130B5C72630053E006A1872 /* Release */,
			);
			defaultConfigurationIsVisible = 0;
			defaultConfigurationName = Release;
		};
		E130B5C82630053E006A1872 /* Build configuration list for PBXNativeTarget "Tic Tac ToeTests" */ = {
			isa = XCConfigurationList;
			buildConfigurations = (
				E130B5C92630053E006A1872 /* Debug */,
				E130B5CA2630053E006A1872 /* Release */,
			);
			defaultConfigurationIsVisible = 0;
			defaultConfigurationName = Release;
		};
		E130B5CB2630053E006A1872 /* Build configuration list for PBXNativeTarget "Tic Tac ToeUITests" */ = {
			isa = XCConfigurationList;
			buildConfigurations = (
				E130B5CC2630053E006A1872 /* Debug */,
				E130B5CD2630053E006A1872 /* Release */,
			);
			defaultConfigurationIsVisible = 0;
			defaultConfigurationName = Release;
		};
/* End XCConfigurationList section */
	};
	rootObject = E130B5932630053C006A1872 /* Project object */;
}
